// !$*UTF8*$!
{
	archiveVersion = 1;
	classes = {
	};
	objectVersion = 46;
	objects = {

/* Begin PBXBuildFile section */
		38492BC19DFD232B7F9C71E4 /* libPods-live.goodline News.a in Frameworks */ = {isa = PBXBuildFile; fileRef = 1167E2A00FBC1B544AC51C45 /* libPods-live.goodline News.a */; };
		842024CB1B203D8000499882 /* Post.m in Sources */ = {isa = PBXBuildFile; fileRef = 84A015B01AF9EE6B0036A9CE /* Post.m */; };
		842550E51B0599860028B5B0 /* goodline_default.jpg in Resources */ = {isa = PBXBuildFile; fileRef = 842550E41B0599860028B5B0 /* goodline_default.jpg */; };
		849063571B01EEA70031EAE9 /* goodline_default.jpg in Resources */ = {isa = PBXBuildFile; fileRef = 849063561B01EEA70031EAE9 /* goodline_default.jpg */; };
		849063891B0481720031EAE9 /* NotificationCenter.framework in Frameworks */ = {isa = PBXBuildFile; fileRef = 849063881B0481720031EAE9 /* NotificationCenter.framework */; };
		8490638F1B0481720031EAE9 /* TodayViewController.m in Sources */ = {isa = PBXBuildFile; fileRef = 8490638E1B0481720031EAE9 /* TodayViewController.m */; };
		849063941B0481720031EAE9 /* Last news widget.appex in Embed App Extensions */ = {isa = PBXBuildFile; fileRef = 849063871B0481720031EAE9 /* Last news widget.appex */; settings = {ATTRIBUTES = (RemoveHeadersOnCopy, ); }; };
		8490639E1B04B5FC0031EAE9 /* TodayViewController.xib in Resources */ = {isa = PBXBuildFile; fileRef = 8490639D1B04B5FC0031EAE9 /* TodayViewController.xib */; };
		84A015AC1AF9E17E0036A9CE /* NewsListTableView.m in Sources */ = {isa = PBXBuildFile; fileRef = 84A015AA1AF9E17E0036A9CE /* NewsListTableView.m */; };
		84A015AD1AF9E17E0036A9CE /* NewsListTableView.xib in Resources */ = {isa = PBXBuildFile; fileRef = 84A015AB1AF9E17E0036A9CE /* NewsListTableView.xib */; };
		84A015B11AF9EE6B0036A9CE /* Post.m in Sources */ = {isa = PBXBuildFile; fileRef = 84A015B01AF9EE6B0036A9CE /* Post.m */; };
		84A015B51AFB090F0036A9CE /* FullNewsViewController.m in Sources */ = {isa = PBXBuildFile; fileRef = 84A015B31AFB090F0036A9CE /* FullNewsViewController.m */; };
		84A015B61AFB090F0036A9CE /* FullNewsViewController.xib in Resources */ = {isa = PBXBuildFile; fileRef = 84A015B41AFB090F0036A9CE /* FullNewsViewController.xib */; };
		84A015BF1AFB1DAC0036A9CE /* CustomCell.m in Sources */ = {isa = PBXBuildFile; fileRef = 84A015BD1AFB1DAC0036A9CE /* CustomCell.m */; };
		84A015C01AFB1DAC0036A9CE /* CustomCell.xib in Resources */ = {isa = PBXBuildFile; fileRef = 84A015BE1AFB1DAC0036A9CE /* CustomCell.xib */; };
		84B713D31AF9BF0800F15562 /* main.m in Sources */ = {isa = PBXBuildFile; fileRef = 84B713D21AF9BF0800F15562 /* main.m */; };
		84B713D61AF9BF0800F15562 /* AppDelegate.m in Sources */ = {isa = PBXBuildFile; fileRef = 84B713D51AF9BF0800F15562 /* AppDelegate.m */; };
		84B713DE1AF9BF0800F15562 /* Images.xcassets in Resources */ = {isa = PBXBuildFile; fileRef = 84B713DD1AF9BF0800F15562 /* Images.xcassets */; };
		84B713ED1AF9BF0800F15562 /* live_goodline_NewsTests.m in Sources */ = {isa = PBXBuildFile; fileRef = 84B713EC1AF9BF0800F15562 /* live_goodline_NewsTests.m */; };
		84B713FF1AF9DC9D00F15562 /* libxml2.dylib in Frameworks */ = {isa = PBXBuildFile; fileRef = 84B713FE1AF9DC9D00F15562 /* libxml2.dylib */; };
		84C00EBA1B1D7C390059EE03 /* NewsImageGalleryViewController.m in Sources */ = {isa = PBXBuildFile; fileRef = 84C00EB81B1D7C390059EE03 /* NewsImageGalleryViewController.m */; };
		84C00EBB1B1D7C390059EE03 /* NewsImageGalleryViewController.xib in Resources */ = {isa = PBXBuildFile; fileRef = 84C00EB91B1D7C390059EE03 /* NewsImageGalleryViewController.xib */; };
		84C00EC01B1D7C770059EE03 /* CustomGalleryCell.m in Sources */ = {isa = PBXBuildFile; fileRef = 84C00EBE1B1D7C770059EE03 /* CustomGalleryCell.m */; };
		84C00EC11B1D7C770059EE03 /* CustomGalleryCell.xib in Resources */ = {isa = PBXBuildFile; fileRef = 84C00EBF1B1D7C770059EE03 /* CustomGalleryCell.xib */; };
		96EBBDAB91868A85F08E4842 /* libPods.a in Frameworks */ = {isa = PBXBuildFile; fileRef = DAFFE5A525E95AA237059C8B /* libPods.a */; };
		E1A00B491AFF5EFF0008E075 /* Default-568h@2x.png in Resources */ = {isa = PBXBuildFile; fileRef = E1A00B481AFF5EFF0008E075 /* Default-568h@2x.png */; };
		F562B14E386A9AE24E086DD6 /* libPods-Last news widget.a in Frameworks */ = {isa = PBXBuildFile; fileRef = C0CB5A6163B004DAD9660449 /* libPods-Last news widget.a */; };
/* End PBXBuildFile section */

/* Begin PBXContainerItemProxy section */
		849063921B0481720031EAE9 /* PBXContainerItemProxy */ = {
			isa = PBXContainerItemProxy;
			containerPortal = 84B713C51AF9BF0800F15562 /* Project object */;
			proxyType = 1;
			remoteGlobalIDString = 849063861B0481720031EAE9;
			remoteInfo = "Last news widget";
		};
		84B713E71AF9BF0800F15562 /* PBXContainerItemProxy */ = {
			isa = PBXContainerItemProxy;
			containerPortal = 84B713C51AF9BF0800F15562 /* Project object */;
			proxyType = 1;
			remoteGlobalIDString = 84B713CC1AF9BF0800F15562;
			remoteInfo = "live.goodline News";
		};
/* End PBXContainerItemProxy section */

/* Begin PBXCopyFilesBuildPhase section */
		849063981B0481720031EAE9 /* Embed App Extensions */ = {
			isa = PBXCopyFilesBuildPhase;
			buildActionMask = 2147483647;
			dstPath = "";
			dstSubfolderSpec = 13;
			files = (
				849063941B0481720031EAE9 /* Last news widget.appex in Embed App Extensions */,
			);
			name = "Embed App Extensions";
			runOnlyForDeploymentPostprocessing = 0;
		};
/* End PBXCopyFilesBuildPhase section */

/* Begin PBXFileReference section */
		1167E2A00FBC1B544AC51C45 /* libPods-live.goodline News.a */ = {isa = PBXFileReference; explicitFileType = archive.ar; includeInIndex = 0; path = "libPods-live.goodline News.a"; sourceTree = BUILT_PRODUCTS_DIR; };
		456A3E07A2DE28C07165A900 /* Pods-live.goodline News.debug.xcconfig */ = {isa = PBXFileReference; includeInIndex = 1; lastKnownFileType = text.xcconfig; name = "Pods-live.goodline News.debug.xcconfig"; path = "Pods/Target Support Files/Pods-live.goodline News/Pods-live.goodline News.debug.xcconfig"; sourceTree = "<group>"; };
		842550E41B0599860028B5B0 /* goodline_default.jpg */ = {isa = PBXFileReference; lastKnownFileType = image.jpeg; path = goodline_default.jpg; sourceTree = SOURCE_ROOT; };
		849063561B01EEA70031EAE9 /* goodline_default.jpg */ = {isa = PBXFileReference; lastKnownFileType = image.jpeg; path = goodline_default.jpg; sourceTree = SOURCE_ROOT; };
		849063871B0481720031EAE9 /* Last news widget.appex */ = {isa = PBXFileReference; explicitFileType = "wrapper.app-extension"; includeInIndex = 0; path = "Last news widget.appex"; sourceTree = BUILT_PRODUCTS_DIR; };
		849063881B0481720031EAE9 /* NotificationCenter.framework */ = {isa = PBXFileReference; lastKnownFileType = wrapper.framework; name = NotificationCenter.framework; path = System/Library/Frameworks/NotificationCenter.framework; sourceTree = SDKROOT; };
		8490638C1B0481720031EAE9 /* Info.plist */ = {isa = PBXFileReference; lastKnownFileType = text.plist.xml; path = Info.plist; sourceTree = "<group>"; };
		8490638D1B0481720031EAE9 /* TodayViewController.h */ = {isa = PBXFileReference; lastKnownFileType = sourcecode.c.h; path = TodayViewController.h; sourceTree = "<group>"; };
		8490638E1B0481720031EAE9 /* TodayViewController.m */ = {isa = PBXFileReference; lastKnownFileType = sourcecode.c.objc; path = TodayViewController.m; sourceTree = "<group>"; };
		8490639D1B04B5FC0031EAE9 /* TodayViewController.xib */ = {isa = PBXFileReference; fileEncoding = 4; lastKnownFileType = file.xib; path = TodayViewController.xib; sourceTree = "<group>"; };
		84A015A91AF9E17E0036A9CE /* NewsListTableView.h */ = {isa = PBXFileReference; fileEncoding = 4; lastKnownFileType = sourcecode.c.h; path = NewsListTableView.h; sourceTree = "<group>"; };
		84A015AA1AF9E17E0036A9CE /* NewsListTableView.m */ = {isa = PBXFileReference; fileEncoding = 4; lastKnownFileType = sourcecode.c.objc; path = NewsListTableView.m; sourceTree = "<group>"; };
		84A015AB1AF9E17E0036A9CE /* NewsListTableView.xib */ = {isa = PBXFileReference; fileEncoding = 4; lastKnownFileType = file.xib; path = NewsListTableView.xib; sourceTree = "<group>"; };
		84A015AF1AF9EE6B0036A9CE /* Post.h */ = {isa = PBXFileReference; fileEncoding = 4; lastKnownFileType = sourcecode.c.h; path = Post.h; sourceTree = "<group>"; };
		84A015B01AF9EE6B0036A9CE /* Post.m */ = {isa = PBXFileReference; fileEncoding = 4; lastKnownFileType = sourcecode.c.objc; path = Post.m; sourceTree = "<group>"; };
		84A015B21AFB090F0036A9CE /* FullNewsViewController.h */ = {isa = PBXFileReference; fileEncoding = 4; lastKnownFileType = sourcecode.c.h; path = FullNewsViewController.h; sourceTree = "<group>"; };
		84A015B31AFB090F0036A9CE /* FullNewsViewController.m */ = {isa = PBXFileReference; fileEncoding = 4; lastKnownFileType = sourcecode.c.objc; path = FullNewsViewController.m; sourceTree = "<group>"; };
		84A015B41AFB090F0036A9CE /* FullNewsViewController.xib */ = {isa = PBXFileReference; fileEncoding = 4; lastKnownFileType = file.xib; path = FullNewsViewController.xib; sourceTree = "<group>"; };
		84A015BC1AFB1DAC0036A9CE /* CustomCell.h */ = {isa = PBXFileReference; fileEncoding = 4; lastKnownFileType = sourcecode.c.h; path = CustomCell.h; sourceTree = "<group>"; };
		84A015BD1AFB1DAC0036A9CE /* CustomCell.m */ = {isa = PBXFileReference; fileEncoding = 4; lastKnownFileType = sourcecode.c.objc; path = CustomCell.m; sourceTree = "<group>"; };
		84A015BE1AFB1DAC0036A9CE /* CustomCell.xib */ = {isa = PBXFileReference; fileEncoding = 4; lastKnownFileType = file.xib; path = CustomCell.xib; sourceTree = "<group>"; };
		84B713CD1AF9BF0800F15562 /* live.goodline News.app */ = {isa = PBXFileReference; explicitFileType = wrapper.application; includeInIndex = 0; path = "live.goodline News.app"; sourceTree = BUILT_PRODUCTS_DIR; };
		84B713D11AF9BF0800F15562 /* Info.plist */ = {isa = PBXFileReference; lastKnownFileType = text.plist.xml; path = Info.plist; sourceTree = "<group>"; };
		84B713D21AF9BF0800F15562 /* main.m */ = {isa = PBXFileReference; lastKnownFileType = sourcecode.c.objc; path = main.m; sourceTree = "<group>"; };
		84B713D41AF9BF0800F15562 /* AppDelegate.h */ = {isa = PBXFileReference; lastKnownFileType = sourcecode.c.h; path = AppDelegate.h; sourceTree = "<group>"; };
		84B713D51AF9BF0800F15562 /* AppDelegate.m */ = {isa = PBXFileReference; lastKnownFileType = sourcecode.c.objc; path = AppDelegate.m; sourceTree = "<group>"; };
		84B713DD1AF9BF0800F15562 /* Images.xcassets */ = {isa = PBXFileReference; lastKnownFileType = folder.assetcatalog; path = Images.xcassets; sourceTree = "<group>"; };
		84B713E61AF9BF0800F15562 /* live.goodline NewsTests.xctest */ = {isa = PBXFileReference; explicitFileType = wrapper.cfbundle; includeInIndex = 0; path = "live.goodline NewsTests.xctest"; sourceTree = BUILT_PRODUCTS_DIR; };
		84B713EB1AF9BF0800F15562 /* Info.plist */ = {isa = PBXFileReference; lastKnownFileType = text.plist.xml; path = Info.plist; sourceTree = "<group>"; };
		84B713EC1AF9BF0800F15562 /* live_goodline_NewsTests.m */ = {isa = PBXFileReference; lastKnownFileType = sourcecode.c.objc; path = live_goodline_NewsTests.m; sourceTree = "<group>"; };
		84B713FE1AF9DC9D00F15562 /* libxml2.dylib */ = {isa = PBXFileReference; lastKnownFileType = "compiled.mach-o.dylib"; name = libxml2.dylib; path = usr/lib/libxml2.dylib; sourceTree = SDKROOT; };
		84C00EB71B1D7C390059EE03 /* NewsImageGalleryViewController.h */ = {isa = PBXFileReference; fileEncoding = 4; lastKnownFileType = sourcecode.c.h; path = NewsImageGalleryViewController.h; sourceTree = "<group>"; };
		84C00EB81B1D7C390059EE03 /* NewsImageGalleryViewController.m */ = {isa = PBXFileReference; fileEncoding = 4; lastKnownFileType = sourcecode.c.objc; path = NewsImageGalleryViewController.m; sourceTree = "<group>"; };
		84C00EB91B1D7C390059EE03 /* NewsImageGalleryViewController.xib */ = {isa = PBXFileReference; fileEncoding = 4; lastKnownFileType = file.xib; path = NewsImageGalleryViewController.xib; sourceTree = "<group>"; };
		84C00EBD1B1D7C770059EE03 /* CustomGalleryCell.h */ = {isa = PBXFileReference; fileEncoding = 4; lastKnownFileType = sourcecode.c.h; path = CustomGalleryCell.h; sourceTree = "<group>"; };
		84C00EBE1B1D7C770059EE03 /* CustomGalleryCell.m */ = {isa = PBXFileReference; fileEncoding = 4; lastKnownFileType = sourcecode.c.objc; path = CustomGalleryCell.m; sourceTree = "<group>"; };
		84C00EBF1B1D7C770059EE03 /* CustomGalleryCell.xib */ = {isa = PBXFileReference; fileEncoding = 4; lastKnownFileType = file.xib; path = CustomGalleryCell.xib; sourceTree = "<group>"; };
		AA66089DE414E4126615B809 /* Pods-live.goodline News.release.xcconfig */ = {isa = PBXFileReference; includeInIndex = 1; lastKnownFileType = text.xcconfig; name = "Pods-live.goodline News.release.xcconfig"; path = "Pods/Target Support Files/Pods-live.goodline News/Pods-live.goodline News.release.xcconfig"; sourceTree = "<group>"; };
		C0CB5A6163B004DAD9660449 /* libPods-Last news widget.a */ = {isa = PBXFileReference; explicitFileType = archive.ar; includeInIndex = 0; path = "libPods-Last news widget.a"; sourceTree = BUILT_PRODUCTS_DIR; };
		D01CB92C1A69C0D91EB56C99 /* Pods-Last news widget.release.xcconfig */ = {isa = PBXFileReference; includeInIndex = 1; lastKnownFileType = text.xcconfig; name = "Pods-Last news widget.release.xcconfig"; path = "Pods/Target Support Files/Pods-Last news widget/Pods-Last news widget.release.xcconfig"; sourceTree = "<group>"; };
		DAFFE5A525E95AA237059C8B /* libPods.a */ = {isa = PBXFileReference; explicitFileType = archive.ar; includeInIndex = 0; path = libPods.a; sourceTree = BUILT_PRODUCTS_DIR; };
		E1A00B481AFF5EFF0008E075 /* Default-568h@2x.png */ = {isa = PBXFileReference; lastKnownFileType = image.png; path = "Default-568h@2x.png"; sourceTree = SOURCE_ROOT; };
		E38D32F5ADD8F4AE8ED6A3AB /* Pods-Last news widget.debug.xcconfig */ = {isa = PBXFileReference; includeInIndex = 1; lastKnownFileType = text.xcconfig; name = "Pods-Last news widget.debug.xcconfig"; path = "Pods/Target Support Files/Pods-Last news widget/Pods-Last news widget.debug.xcconfig"; sourceTree = "<group>"; };
/* End PBXFileReference section */

/* Begin PBXFrameworksBuildPhase section */
		849063841B0481720031EAE9 /* Frameworks */ = {
			isa = PBXFrameworksBuildPhase;
			buildActionMask = 2147483647;
			files = (
				849063891B0481720031EAE9 /* NotificationCenter.framework in Frameworks */,
				F562B14E386A9AE24E086DD6 /* libPods-Last news widget.a in Frameworks */,
			);
			runOnlyForDeploymentPostprocessing = 0;
		};
		84B713CA1AF9BF0800F15562 /* Frameworks */ = {
			isa = PBXFrameworksBuildPhase;
			buildActionMask = 2147483647;
			files = (
				84B713FF1AF9DC9D00F15562 /* libxml2.dylib in Frameworks */,
				96EBBDAB91868A85F08E4842 /* libPods.a in Frameworks */,
				38492BC19DFD232B7F9C71E4 /* libPods-live.goodline News.a in Frameworks */,
			);
			runOnlyForDeploymentPostprocessing = 0;
		};
		84B713E31AF9BF0800F15562 /* Frameworks */ = {
			isa = PBXFrameworksBuildPhase;
			buildActionMask = 2147483647;
			files = (
			);
			runOnlyForDeploymentPostprocessing = 0;
		};
/* End PBXFrameworksBuildPhase section */

/* Begin PBXGroup section */
		30DB65E7877842571CAAF9E7 /* Pods */ = {
			isa = PBXGroup;
			children = (
				E38D32F5ADD8F4AE8ED6A3AB /* Pods-Last news widget.debug.xcconfig */,
				D01CB92C1A69C0D91EB56C99 /* Pods-Last news widget.release.xcconfig */,
				456A3E07A2DE28C07165A900 /* Pods-live.goodline News.debug.xcconfig */,
				AA66089DE414E4126615B809 /* Pods-live.goodline News.release.xcconfig */,
			);
			name = Pods;
			sourceTree = "<group>";
		};
		8490638A1B0481720031EAE9 /* Last news widget */ = {
			isa = PBXGroup;
			children = (
				8490638D1B0481720031EAE9 /* TodayViewController.h */,
				8490638E1B0481720031EAE9 /* TodayViewController.m */,
				8490639D1B04B5FC0031EAE9 /* TodayViewController.xib */,
				8490638B1B0481720031EAE9 /* Supporting Files */,
			);
			path = "Last news widget";
			sourceTree = "<group>";
		};
		8490638B1B0481720031EAE9 /* Supporting Files */ = {
			isa = PBXGroup;
			children = (
				842550E41B0599860028B5B0 /* goodline_default.jpg */,
				8490638C1B0481720031EAE9 /* Info.plist */,
			);
			name = "Supporting Files";
			sourceTree = "<group>";
		};
		84A015AE1AF9EE300036A9CE /* Data Model */ = {
			isa = PBXGroup;
			children = (
				84A015AF1AF9EE6B0036A9CE /* Post.h */,
				84A015B01AF9EE6B0036A9CE /* Post.m */,
			);
			name = "Data Model";
			sourceTree = "<group>";
		};
		84A015C11AFB1DB30036A9CE /* CustomCell */ = {
			isa = PBXGroup;
			children = (
				84A015BC1AFB1DAC0036A9CE /* CustomCell.h */,
				84A015BD1AFB1DAC0036A9CE /* CustomCell.m */,
				84A015BE1AFB1DAC0036A9CE /* CustomCell.xib */,
			);
			name = CustomCell;
			sourceTree = "<group>";
		};
		84A015C21AFB1DC80036A9CE /* FullNewsViewController */ = {
			isa = PBXGroup;
			children = (
				84A015B21AFB090F0036A9CE /* FullNewsViewController.h */,
				84A015B31AFB090F0036A9CE /* FullNewsViewController.m */,
				84A015B41AFB090F0036A9CE /* FullNewsViewController.xib */,
			);
			name = FullNewsViewController;
			sourceTree = "<group>";
		};
		84A015C31AFB1DDE0036A9CE /* NewsListTableView */ = {
			isa = PBXGroup;
			children = (
				84A015A91AF9E17E0036A9CE /* NewsListTableView.h */,
				84A015AA1AF9E17E0036A9CE /* NewsListTableView.m */,
				84A015AB1AF9E17E0036A9CE /* NewsListTableView.xib */,
			);
			name = NewsListTableView;
			sourceTree = "<group>";
		};
		84B713C41AF9BF0800F15562 = {
			isa = PBXGroup;
			children = (
				84B713CF1AF9BF0800F15562 /* live.goodline News */,
				84B713E91AF9BF0800F15562 /* live.goodline NewsTests */,
				8490638A1B0481720031EAE9 /* Last news widget */,
				84B713CE1AF9BF0800F15562 /* Products */,
				30DB65E7877842571CAAF9E7 /* Pods */,
				BFCB0EC233C8387C4A1A4BBB /* Frameworks */,
			);
			sourceTree = "<group>";
		};
		84B713CE1AF9BF0800F15562 /* Products */ = {
			isa = PBXGroup;
			children = (
				84B713CD1AF9BF0800F15562 /* live.goodline News.app */,
				84B713E61AF9BF0800F15562 /* live.goodline NewsTests.xctest */,
				849063871B0481720031EAE9 /* Last news widget.appex */,
			);
			name = Products;
			sourceTree = "<group>";
		};
		84B713CF1AF9BF0800F15562 /* live.goodline News */ = {
			isa = PBXGroup;
			children = (
				84A015AE1AF9EE300036A9CE /* Data Model */,
				84B713FD1AF9C95100F15562 /* User Interface */,
				84B713D41AF9BF0800F15562 /* AppDelegate.h */,
				84B713D51AF9BF0800F15562 /* AppDelegate.m */,
				84B713DD1AF9BF0800F15562 /* Images.xcassets */,
				84B714001AF9DDD500F15562 /* Images */,
				84B713D01AF9BF0800F15562 /* Supporting Files */,
			);
			path = "live.goodline News";
			sourceTree = "<group>";
		};
		84B713D01AF9BF0800F15562 /* Supporting Files */ = {
			isa = PBXGroup;
			children = (
				84B713D11AF9BF0800F15562 /* Info.plist */,
				84B713D21AF9BF0800F15562 /* main.m */,
			);
			name = "Supporting Files";
			sourceTree = "<group>";
		};
		84B713E91AF9BF0800F15562 /* live.goodline NewsTests */ = {
			isa = PBXGroup;
			children = (
				84B713EC1AF9BF0800F15562 /* live_goodline_NewsTests.m */,
				84B713EA1AF9BF0800F15562 /* Supporting Files */,
			);
			path = "live.goodline NewsTests";
			sourceTree = "<group>";
		};
		84B713EA1AF9BF0800F15562 /* Supporting Files */ = {
			isa = PBXGroup;
			children = (
				84B713EB1AF9BF0800F15562 /* Info.plist */,
			);
			name = "Supporting Files";
			sourceTree = "<group>";
		};
		84B713FD1AF9C95100F15562 /* User Interface */ = {
			isa = PBXGroup;
			children = (
				84C00EB61B1D7C0B0059EE03 /* NewsImageGallery */,
				84A015C31AFB1DDE0036A9CE /* NewsListTableView */,
				84A015C21AFB1DC80036A9CE /* FullNewsViewController */,
				84A015C11AFB1DB30036A9CE /* CustomCell */,
				84C00EBC1B1D7C430059EE03 /* CustomGalleryCell */,
			);
			name = "User Interface";
			sourceTree = "<group>";
		};
		84B714001AF9DDD500F15562 /* Images */ = {
			isa = PBXGroup;
			children = (
				849063561B01EEA70031EAE9 /* goodline_default.jpg */,
				E1A00B481AFF5EFF0008E075 /* Default-568h@2x.png */,
			);
			name = Images;
			sourceTree = "<group>";
		};
		84C00EB61B1D7C0B0059EE03 /* NewsImageGallery */ = {
			isa = PBXGroup;
			children = (
				84C00EB71B1D7C390059EE03 /* NewsImageGalleryViewController.h */,
				84C00EB81B1D7C390059EE03 /* NewsImageGalleryViewController.m */,
				84C00EB91B1D7C390059EE03 /* NewsImageGalleryViewController.xib */,
			);
			name = NewsImageGallery;
			sourceTree = "<group>";
		};
		84C00EBC1B1D7C430059EE03 /* CustomGalleryCell */ = {
			isa = PBXGroup;
			children = (
				84C00EBD1B1D7C770059EE03 /* CustomGalleryCell.h */,
				84C00EBE1B1D7C770059EE03 /* CustomGalleryCell.m */,
				84C00EBF1B1D7C770059EE03 /* CustomGalleryCell.xib */,
			);
			name = CustomGalleryCell;
			sourceTree = "<group>";
		};
		BFCB0EC233C8387C4A1A4BBB /* Frameworks */ = {
			isa = PBXGroup;
			children = (
				84B713FE1AF9DC9D00F15562 /* libxml2.dylib */,
				DAFFE5A525E95AA237059C8B /* libPods.a */,
				849063881B0481720031EAE9 /* NotificationCenter.framework */,
				C0CB5A6163B004DAD9660449 /* libPods-Last news widget.a */,
				1167E2A00FBC1B544AC51C45 /* libPods-live.goodline News.a */,
			);
			name = Frameworks;
			sourceTree = "<group>";
		};
/* End PBXGroup section */

/* Begin PBXNativeTarget section */
		849063861B0481720031EAE9 /* Last news widget */ = {
			isa = PBXNativeTarget;
			buildConfigurationList = 849063971B0481720031EAE9 /* Build configuration list for PBXNativeTarget "Last news widget" */;
			buildPhases = (
				25514585855B59C00BD62DE9 /* Check Pods Manifest.lock */,
				849063831B0481720031EAE9 /* Sources */,
				849063841B0481720031EAE9 /* Frameworks */,
				849063851B0481720031EAE9 /* Resources */,
				3BAF069611E1334C9F29579A /* Copy Pods Resources */,
			);
			buildRules = (
			);
			dependencies = (
			);
			name = "Last news widget";
			productName = "Last news widget";
			productReference = 849063871B0481720031EAE9 /* Last news widget.appex */;
			productType = "com.apple.product-type.app-extension";
		};
		84B713CC1AF9BF0800F15562 /* live.goodline News */ = {
			isa = PBXNativeTarget;
			buildConfigurationList = 84B713F01AF9BF0800F15562 /* Build configuration list for PBXNativeTarget "live.goodline News" */;
			buildPhases = (
				26D1BD457EECF55F9A28FE07 /* Check Pods Manifest.lock */,
				84B713C91AF9BF0800F15562 /* Sources */,
				84B713CA1AF9BF0800F15562 /* Frameworks */,
				84B713CB1AF9BF0800F15562 /* Resources */,
				CF21EB3FF9BCE8E9BCC3E0D0 /* Copy Pods Resources */,
				849063981B0481720031EAE9 /* Embed App Extensions */,
			);
			buildRules = (
			);
			dependencies = (
				849063931B0481720031EAE9 /* PBXTargetDependency */,
			);
			name = "live.goodline News";
			productName = "live.goodline News";
			productReference = 84B713CD1AF9BF0800F15562 /* live.goodline News.app */;
			productType = "com.apple.product-type.application";
		};
		84B713E51AF9BF0800F15562 /* live.goodline NewsTests */ = {
			isa = PBXNativeTarget;
			buildConfigurationList = 84B713F31AF9BF0800F15562 /* Build configuration list for PBXNativeTarget "live.goodline NewsTests" */;
			buildPhases = (
				84B713E21AF9BF0800F15562 /* Sources */,
				84B713E31AF9BF0800F15562 /* Frameworks */,
				84B713E41AF9BF0800F15562 /* Resources */,
			);
			buildRules = (
			);
			dependencies = (
				84B713E81AF9BF0800F15562 /* PBXTargetDependency */,
			);
			name = "live.goodline NewsTests";
			productName = "live.goodline NewsTests";
			productReference = 84B713E61AF9BF0800F15562 /* live.goodline NewsTests.xctest */;
			productType = "com.apple.product-type.bundle.unit-test";
		};
/* End PBXNativeTarget section */

/* Begin PBXProject section */
		84B713C51AF9BF0800F15562 /* Project object */ = {
			isa = PBXProject;
			attributes = {
				LastUpgradeCheck = 0630;
				ORGANIZATIONNAME = Admin;
				TargetAttributes = {
					849063861B0481720031EAE9 = {
						CreatedOnToolsVersion = 6.3.1;
					};
					84B713CC1AF9BF0800F15562 = {
						CreatedOnToolsVersion = 6.3.1;
					};
					84B713E51AF9BF0800F15562 = {
						CreatedOnToolsVersion = 6.3.1;
						TestTargetID = 84B713CC1AF9BF0800F15562;
					};
				};
			};
			buildConfigurationList = 84B713C81AF9BF0800F15562 /* Build configuration list for PBXProject "live.goodline News" */;
			compatibilityVersion = "Xcode 3.2";
			developmentRegion = English;
			hasScannedForEncodings = 0;
			knownRegions = (
				en,
				Base,
			);
			mainGroup = 84B713C41AF9BF0800F15562;
			productRefGroup = 84B713CE1AF9BF0800F15562 /* Products */;
			projectDirPath = "";
			projectRoot = "";
			targets = (
				84B713CC1AF9BF0800F15562 /* live.goodline News */,
				84B713E51AF9BF0800F15562 /* live.goodline NewsTests */,
				849063861B0481720031EAE9 /* Last news widget */,
			);
		};
/* End PBXProject section */

/* Begin PBXResourcesBuildPhase section */
		849063851B0481720031EAE9 /* Resources */ = {
			isa = PBXResourcesBuildPhase;
			buildActionMask = 2147483647;
			files = (
				842550E51B0599860028B5B0 /* goodline_default.jpg in Resources */,
				8490639E1B04B5FC0031EAE9 /* TodayViewController.xib in Resources */,
			);
			runOnlyForDeploymentPostprocessing = 0;
		};
		84B713CB1AF9BF0800F15562 /* Resources */ = {
			isa = PBXResourcesBuildPhase;
			buildActionMask = 2147483647;
			files = (
				E1A00B491AFF5EFF0008E075 /* Default-568h@2x.png in Resources */,
				84C00EC11B1D7C770059EE03 /* CustomGalleryCell.xib in Resources */,
				84A015C01AFB1DAC0036A9CE /* CustomCell.xib in Resources */,
				84A015AD1AF9E17E0036A9CE /* NewsListTableView.xib in Resources */,
				84B713DE1AF9BF0800F15562 /* Images.xcassets in Resources */,
				849063571B01EEA70031EAE9 /* goodline_default.jpg in Resources */,
				84C00EBB1B1D7C390059EE03 /* NewsImageGalleryViewController.xib in Resources */,
				84A015B61AFB090F0036A9CE /* FullNewsViewController.xib in Resources */,
			);
			runOnlyForDeploymentPostprocessing = 0;
		};
		84B713E41AF9BF0800F15562 /* Resources */ = {
			isa = PBXResourcesBuildPhase;
			buildActionMask = 2147483647;
			files = (
			);
			runOnlyForDeploymentPostprocessing = 0;
		};
/* End PBXResourcesBuildPhase section */

/* Begin PBXShellScriptBuildPhase section */
		25514585855B59C00BD62DE9 /* Check Pods Manifest.lock */ = {
			isa = PBXShellScriptBuildPhase;
			buildActionMask = 2147483647;
			files = (
			);
			inputPaths = (
			);
			name = "Check Pods Manifest.lock";
			outputPaths = (
			);
			runOnlyForDeploymentPostprocessing = 0;
			shellPath = /bin/sh;
			shellScript = "diff \"${PODS_ROOT}/../Podfile.lock\" \"${PODS_ROOT}/Manifest.lock\" > /dev/null\nif [[ $? != 0 ]] ; then\n    cat << EOM\nerror: The sandbox is not in sync with the Podfile.lock. Run 'pod install' or update your CocoaPods installation.\nEOM\n    exit 1\nfi\n";
			showEnvVarsInLog = 0;
		};
		26D1BD457EECF55F9A28FE07 /* Check Pods Manifest.lock */ = {
			isa = PBXShellScriptBuildPhase;
			buildActionMask = 2147483647;
			files = (
			);
			inputPaths = (
			);
			name = "Check Pods Manifest.lock";
			outputPaths = (
			);
			runOnlyForDeploymentPostprocessing = 0;
			shellPath = /bin/sh;
			shellScript = "diff \"${PODS_ROOT}/../Podfile.lock\" \"${PODS_ROOT}/Manifest.lock\" > /dev/null\nif [[ $? != 0 ]] ; then\n    cat << EOM\nerror: The sandbox is not in sync with the Podfile.lock. Run 'pod install' or update your CocoaPods installation.\nEOM\n    exit 1\nfi\n";
			showEnvVarsInLog = 0;
		};
		3BAF069611E1334C9F29579A /* Copy Pods Resources */ = {
			isa = PBXShellScriptBuildPhase;
			buildActionMask = 2147483647;
			files = (
			);
			inputPaths = (
			);
			name = "Copy Pods Resources";
			outputPaths = (
			);
			runOnlyForDeploymentPostprocessing = 0;
			shellPath = /bin/sh;
			shellScript = "\"${SRCROOT}/Pods/Target Support Files/Pods-Last news widget/Pods-Last news widget-resources.sh\"\n";
			showEnvVarsInLog = 0;
		};
		CF21EB3FF9BCE8E9BCC3E0D0 /* Copy Pods Resources */ = {
			isa = PBXShellScriptBuildPhase;
			buildActionMask = 2147483647;
			files = (
			);
			inputPaths = (
			);
			name = "Copy Pods Resources";
			outputPaths = (
			);
			runOnlyForDeploymentPostprocessing = 0;
			shellPath = /bin/sh;
			shellScript = "\"${SRCROOT}/Pods/Target Support Files/Pods-live.goodline News/Pods-live.goodline News-resources.sh\"\n";
			showEnvVarsInLog = 0;
		};
/* End PBXShellScriptBuildPhase section */

/* Begin PBXSourcesBuildPhase section */
		849063831B0481720031EAE9 /* Sources */ = {
			isa = PBXSourcesBuildPhase;
			buildActionMask = 2147483647;
			files = (
				842024CB1B203D8000499882 /* Post.m in Sources */,
				8490638F1B0481720031EAE9 /* TodayViewController.m in Sources */,
			);
			runOnlyForDeploymentPostprocessing = 0;
		};
		84B713C91AF9BF0800F15562 /* Sources */ = {
			isa = PBXSourcesBuildPhase;
			buildActionMask = 2147483647;
			files = (
				84B713D61AF9BF0800F15562 /* AppDelegate.m in Sources */,
				84C00EC01B1D7C770059EE03 /* CustomGalleryCell.m in Sources */,
				84A015AC1AF9E17E0036A9CE /* NewsListTableView.m in Sources */,
				84B713D31AF9BF0800F15562 /* main.m in Sources */,
				84A015B51AFB090F0036A9CE /* FullNewsViewController.m in Sources */,
				84A015BF1AFB1DAC0036A9CE /* CustomCell.m in Sources */,
				84C00EBA1B1D7C390059EE03 /* NewsImageGalleryViewController.m in Sources */,
				84A015B11AF9EE6B0036A9CE /* Post.m in Sources */,
			);
			runOnlyForDeploymentPostprocessing = 0;
		};
		84B713E21AF9BF0800F15562 /* Sources */ = {
			isa = PBXSourcesBuildPhase;
			buildActionMask = 2147483647;
			files = (
				84B713ED1AF9BF0800F15562 /* live_goodline_NewsTests.m in Sources */,
			);
			runOnlyForDeploymentPostprocessing = 0;
		};
/* End PBXSourcesBuildPhase section */

/* Begin PBXTargetDependency section */
		849063931B0481720031EAE9 /* PBXTargetDependency */ = {
			isa = PBXTargetDependency;
			target = 849063861B0481720031EAE9 /* Last news widget */;
			targetProxy = 849063921B0481720031EAE9 /* PBXContainerItemProxy */;
		};
		84B713E81AF9BF0800F15562 /* PBXTargetDependency */ = {
			isa = PBXTargetDependency;
			target = 84B713CC1AF9BF0800F15562 /* live.goodline News */;
			targetProxy = 84B713E71AF9BF0800F15562 /* PBXContainerItemProxy */;
		};
/* End PBXTargetDependency section */

/* Begin XCBuildConfiguration section */
		849063951B0481720031EAE9 /* Debug */ = {
			isa = XCBuildConfiguration;
			baseConfigurationReference = E38D32F5ADD8F4AE8ED6A3AB /* Pods-Last news widget.debug.xcconfig */;
			buildSettings = {
				GCC_PREPROCESSOR_DEFINITIONS = (
					"DEBUG=1",
					"$(inherited)",
				);
				INFOPLIST_FILE = "Last news widget/Info.plist";
				LD_RUNPATH_SEARCH_PATHS = "$(inherited) @executable_path/Frameworks @executable_path/../../Frameworks";
				PRODUCT_NAME = "$(TARGET_NAME)";
				SKIP_INSTALL = YES;
			};
			name = Debug;
		};
		849063961B0481720031EAE9 /* Release */ = {
			isa = XCBuildConfiguration;
			baseConfigurationReference = D01CB92C1A69C0D91EB56C99 /* Pods-Last news widget.release.xcconfig */;
			buildSettings = {
				INFOPLIST_FILE = "Last news widget/Info.plist";
				LD_RUNPATH_SEARCH_PATHS = "$(inherited) @executable_path/Frameworks @executable_path/../../Frameworks";
				PRODUCT_NAME = "$(TARGET_NAME)";
				SKIP_INSTALL = YES;
			};
			name = Release;
		};
		84B713EE1AF9BF0800F15562 /* Debug */ = {
			isa = XCBuildConfiguration;
			buildSettings = {
				ALWAYS_SEARCH_USER_PATHS = NO;
				CLANG_CXX_LANGUAGE_STANDARD = "gnu++0x";
				CLANG_CXX_LIBRARY = "libc++";
				CLANG_ENABLE_MODULES = YES;
				CLANG_ENABLE_OBJC_ARC = YES;
				CLANG_WARN_BOOL_CONVERSION = YES;
				CLANG_WARN_CONSTANT_CONVERSION = YES;
				CLANG_WARN_DIRECT_OBJC_ISA_USAGE = YES_ERROR;
				CLANG_WARN_EMPTY_BODY = YES;
				CLANG_WARN_ENUM_CONVERSION = YES;
				CLANG_WARN_INT_CONVERSION = YES;
				CLANG_WARN_OBJC_ROOT_CLASS = YES_ERROR;
				CLANG_WARN_UNREACHABLE_CODE = YES;
				CLANG_WARN__DUPLICATE_METHOD_MATCH = YES;
				"CODE_SIGN_IDENTITY[sdk=iphoneos*]" = "iPhone Developer";
				COPY_PHASE_STRIP = NO;
				DEBUG_INFORMATION_FORMAT = "dwarf-with-dsym";
				ENABLE_STRICT_OBJC_MSGSEND = YES;
				GCC_C_LANGUAGE_STANDARD = gnu99;
				GCC_DYNAMIC_NO_PIC = NO;
				GCC_NO_COMMON_BLOCKS = YES;
				GCC_OPTIMIZATION_LEVEL = 0;
				GCC_PREPROCESSOR_DEFINITIONS = (
					"DEBUG=1",
					"$(inherited)",
				);
				GCC_SYMBOLS_PRIVATE_EXTERN = NO;
				GCC_WARN_64_TO_32_BIT_CONVERSION = YES;
				GCC_WARN_ABOUT_RETURN_TYPE = YES_ERROR;
				GCC_WARN_UNDECLARED_SELECTOR = YES;
				GCC_WARN_UNINITIALIZED_AUTOS = YES_AGGRESSIVE;
				GCC_WARN_UNUSED_FUNCTION = YES;
				GCC_WARN_UNUSED_VARIABLE = YES;
				IPHONEOS_DEPLOYMENT_TARGET = 7.0;
				MTL_ENABLE_DEBUG_INFO = YES;
				ONLY_ACTIVE_ARCH = YES;
				SDKROOT = iphoneos;
			};
			name = Debug;
		};
		84B713EF1AF9BF0800F15562 /* Release */ = {
			isa = XCBuildConfiguration;
			buildSettings = {
				ALWAYS_SEARCH_USER_PATHS = NO;
				CLANG_CXX_LANGUAGE_STANDARD = "gnu++0x";
				CLANG_CXX_LIBRARY = "libc++";
				CLANG_ENABLE_MODULES = YES;
				CLANG_ENABLE_OBJC_ARC = YES;
				CLANG_WARN_BOOL_CONVERSION = YES;
				CLANG_WARN_CONSTANT_CONVERSION = YES;
				CLANG_WARN_DIRECT_OBJC_ISA_USAGE = YES_ERROR;
				CLANG_WARN_EMPTY_BODY = YES;
				CLANG_WARN_ENUM_CONVERSION = YES;
				CLANG_WARN_INT_CONVERSION = YES;
				CLANG_WARN_OBJC_ROOT_CLASS = YES_ERROR;
				CLANG_WARN_UNREACHABLE_CODE = YES;
				CLANG_WARN__DUPLICATE_METHOD_MATCH = YES;
				"CODE_SIGN_IDENTITY[sdk=iphoneos*]" = "iPhone Developer";
				COPY_PHASE_STRIP = NO;
				DEBUG_INFORMATION_FORMAT = "dwarf-with-dsym";
				ENABLE_NS_ASSERTIONS = NO;
				ENABLE_STRICT_OBJC_MSGSEND = YES;
				GCC_C_LANGUAGE_STANDARD = gnu99;
				GCC_NO_COMMON_BLOCKS = YES;
				GCC_WARN_64_TO_32_BIT_CONVERSION = YES;
				GCC_WARN_ABOUT_RETURN_TYPE = YES_ERROR;
				GCC_WARN_UNDECLARED_SELECTOR = YES;
				GCC_WARN_UNINITIALIZED_AUTOS = YES_AGGRESSIVE;
				GCC_WARN_UNUSED_FUNCTION = YES;
				GCC_WARN_UNUSED_VARIABLE = YES;
				IPHONEOS_DEPLOYMENT_TARGET = 7.0;
				MTL_ENABLE_DEBUG_INFO = NO;
				SDKROOT = iphoneos;
				VALIDATE_PRODUCT = YES;
			};
			name = Release;
		};
		84B713F11AF9BF0800F15562 /* Debug */ = {
			isa = XCBuildConfiguration;
			baseConfigurationReference = 456A3E07A2DE28C07165A900 /* Pods-live.goodline News.debug.xcconfig */;
			buildSettings = {
				ASSETCATALOG_COMPILER_APPICON_NAME = AppIcon;
				INFOPLIST_FILE = "live.goodline News/Info.plist";
				IPHONEOS_DEPLOYMENT_TARGET = 7.0;
				LD_RUNPATH_SEARCH_PATHS = "$(inherited) @executable_path/Frameworks";
				PRODUCT_NAME = "$(TARGET_NAME)";
			};
			name = Debug;
		};
		84B713F21AF9BF0800F15562 /* Release */ = {
			isa = XCBuildConfiguration;
			baseConfigurationReference = AA66089DE414E4126615B809 /* Pods-live.goodline News.release.xcconfig */;
			buildSettings = {
				ASSETCATALOG_COMPILER_APPICON_NAME = AppIcon;
				INFOPLIST_FILE = "live.goodline News/Info.plist";
				IPHONEOS_DEPLOYMENT_TARGET = 7.0;
				LD_RUNPATH_SEARCH_PATHS = "$(inherited) @executable_path/Frameworks";
				PRODUCT_NAME = "$(TARGET_NAME)";
			};
			name = Release;
		};
		84B713F41AF9BF0800F15562 /* Debug */ = {
			isa = XCBuildConfiguration;
			buildSettings = {
				BUNDLE_LOADER = "$(TEST_HOST)";
				FRAMEWORK_SEARCH_PATHS = (
					"$(SDKROOT)/Developer/Library/Frameworks",
					"$(inherited)",
				);
				GCC_PREPROCESSOR_DEFINITIONS = (
					"DEBUG=1",
					"$(inherited)",
				);
				INFOPLIST_FILE = "live.goodline NewsTests/Info.plist";
				IPHONEOS_DEPLOYMENT_TARGET = 7.0;
				LD_RUNPATH_SEARCH_PATHS = "$(inherited) @executable_path/Frameworks @loader_path/Frameworks";
				PRODUCT_NAME = "$(TARGET_NAME)";
				TEST_HOST = "$(BUILT_PRODUCTS_DIR)/live.goodline News.app/live.goodline News";
			};
			name = Debug;
		};
		84B713F51AF9BF0800F15562 /* Release */ = {
			isa = XCBuildConfiguration;
			buildSettings = {
				BUNDLE_LOADER = "$(TEST_HOST)";
				FRAMEWORK_SEARCH_PATHS = (
					"$(SDKROOT)/Developer/Library/Frameworks",
					"$(inherited)",
				);
				INFOPLIST_FILE = "live.goodline NewsTests/Info.plist";
				IPHONEOS_DEPLOYMENT_TARGET = 7.0;
				LD_RUNPATH_SEARCH_PATHS = "$(inherited) @executable_path/Frameworks @loader_path/Frameworks";
				PRODUCT_NAME = "$(TARGET_NAME)";
				TEST_HOST = "$(BUILT_PRODUCTS_DIR)/live.goodline News.app/live.goodline News";
			};
			name = Release;
		};
/* End XCBuildConfiguration section */

/* Begin XCConfigurationList section */
		849063971B0481720031EAE9 /* Build configuration list for PBXNativeTarget "Last news widget" */ = {
			isa = XCConfigurationList;
			buildConfigurations = (
				849063951B0481720031EAE9 /* Debug */,
				849063961B0481720031EAE9 /* Release */,
			);
			defaultConfigurationIsVisible = 0;
			defaultConfigurationName = Release;
		};
		84B713C81AF9BF0800F15562 /* Build configuration list for PBXProject "live.goodline News" */ = {
			isa = XCConfigurationList;
			buildConfigurations = (
				84B713EE1AF9BF0800F15562 /* Debug */,
				84B713EF1AF9BF0800F15562 /* Release */,
			);
			defaultConfigurationIsVisible = 0;
			defaultConfigurationName = Release;
		};
		84B713F01AF9BF0800F15562 /* Build configuration list for PBXNativeTarget "live.goodline News" */ = {
			isa = XCConfigurationList;
			buildConfigurations = (
				84B713F11AF9BF0800F15562 /* Debug */,
				84B713F21AF9BF0800F15562 /* Release */,
			);
			defaultConfigurationIsVisible = 0;
			defaultConfigurationName = Release;
		};
		84B713F31AF9BF0800F15562 /* Build configuration list for PBXNativeTarget "live.goodline NewsTests" */ = {
			isa = XCConfigurationList;
			buildConfigurations = (
				84B713F41AF9BF0800F15562 /* Debug */,
				84B713F51AF9BF0800F15562 /* Release */,
			);
			defaultConfigurationIsVisible = 0;
			defaultConfigurationName = Release;
		};
/* End XCConfigurationList section */
	};
	rootObject = 84B713C51AF9BF0800F15562 /* Project object */;
}
